{
  "version": 4,
  "terraform_version": "1.13.3",
  "serial": 107,
  "lineage": "4abbdd52-af0e-51a4-8306-12cafa0157d4",
  "outputs": {
    "add_to_cart_url": {
      "value": "https://26y8cbhpua.execute-api.eu-west-2.amazonaws.com/prod/cart",
      "type": "string"
    },
    "api_gateway_url": {
      "value": "https://26y8cbhpua.execute-api.eu-west-2.amazonaws.com/prod/",
      "type": "string"
    },
    "create_order_url": {
      "value": "https://26y8cbhpua.execute-api.eu-west-2.amazonaws.com/prod/orders",
      "type": "string"
    },
    "get_product_url_example": {
      "value": "https://26y8cbhpua.execute-api.eu-west-2.amazonaws.com/prod/products/1",
      "type": "string"
    },
    "list_products_url": {
      "value": "https://26y8cbhpua.execute-api.eu-west-2.amazonaws.com/prod/products",
      "type": "string"
    },
    "order_items_table_arn": {
      "value": "arn:aws:dynamodb:eu-west-2:396608798123:table/order_items",
      "type": "string"
    },
    "order_items_table_name": {
      "value": "order_items",
      "type": "string"
    },
    "orders_table_arn": {
      "value": "arn:aws:dynamodb:eu-west-2:396608798123:table/orders",
      "type": "string"
    },
    "orders_table_name": {
      "value": "orders",
      "type": "string"
    }
  },
  "resources": [
    {
      "mode": "managed",
      "type": "aws_api_gateway_deployment",
      "name": "api_deployment",
      "provider": "provider[\"registry.terraform.io/hashicorp/aws\"]",
      "instances": [
        {
          "schema_version": 0,
          "attributes": {
            "canary_settings": [],
            "created_date": "2025-10-03T14:24:40Z",
            "description": "",
            "execution_arn": "arn:aws:execute-api:eu-west-2:396608798123:26y8cbhpua/",
            "id": "hhqpfb",
            "invoke_url": "https://26y8cbhpua.execute-api.eu-west-2.amazonaws.com/",
            "rest_api_id": "26y8cbhpua",
            "stage_description": null,
            "stage_name": null,
            "triggers": null,
            "variables": null
          },
          "sensitive_attributes": [],
          "identity_schema_version": 0,
          "private": "bnVsbA==",
          "dependencies": [
            "aws_api_gateway_integration.add_to_cart",
            "aws_api_gateway_integration.create_order",
            "aws_api_gateway_integration.get_order",
            "aws_api_gateway_integration.get_product",
            "aws_api_gateway_integration.list_products",
            "aws_api_gateway_method.add_to_cart",
            "aws_api_gateway_method.create_order",
            "aws_api_gateway_method.get_order",
            "aws_api_gateway_method.get_product",
            "aws_api_gateway_method.list_products",
            "aws_api_gateway_resource.cart",
            "aws_api_gateway_resource.order",
            "aws_api_gateway_resource.orders",
            "aws_api_gateway_resource.product",
            "aws_api_gateway_resource.products",
            "aws_api_gateway_rest_api.orders_api",
            "aws_dynamodb_table.order_items",
            "aws_dynamodb_table.orders",
            "aws_dynamodb_table.products",
            "aws_dynamodb_table.shopping_carts",
            "aws_iam_role.lambda_role",
            "aws_iam_role_policy.lambda_dynamodb",
            "aws_lambda_function.add_to_cart",
            "aws_lambda_function.create_order_v2",
            "aws_lambda_function.get_product",
            "aws_lambda_function.list_products"
          ]
        }
      ]
    },
    {
      "mode": "managed",
      "type": "aws_api_gateway_integration",
      "name": "add_to_cart",
      "provider": "provider[\"registry.terraform.io/hashicorp/aws\"]",
      "instances": [
        {
          "schema_version": 0,
          "attributes": {
            "cache_key_parameters": [],
            "cache_namespace": "1t154k",
            "connection_id": "",
            "connection_type": "INTERNET",
            "content_handling": "",
            "credentials": "",
            "http_method": "POST",
            "id": "agi-26y8cbhpua-1t154k-POST",
            "integration_http_method": "POST",
            "passthrough_behavior": "WHEN_NO_MATCH",
            "request_parameters": {},
            "request_templates": {},
            "resource_id": "1t154k",
            "rest_api_id": "26y8cbhpua",
            "timeout_milliseconds": 29000,
            "tls_config": [],
            "type": "AWS_PROXY",
            "uri": "arn:aws:apigateway:eu-west-2:lambda:path/2015-03-31/functions/arn:aws:lambda:eu-west-2:396608798123:function:serverless-ecommerce-add-to-cart/invocations"
          },
          "sensitive_attributes": [],
          "identity_schema_version": 0,
          "private": "bnVsbA==",
          "dependencies": [
            "aws_api_gateway_method.add_to_cart",
            "aws_api_gateway_resource.cart",
            "aws_api_gateway_rest_api.orders_api",
            "aws_dynamodb_table.order_items",
            "aws_dynamodb_table.orders",
            "aws_dynamodb_table.products",
            "aws_dynamodb_table.shopping_carts",
            "aws_iam_role.lambda_role",
            "aws_iam_role_policy.lambda_dynamodb",
            "aws_lambda_function.add_to_cart"
          ]
        }
      ]
    },
    {
      "mode": "managed",
      "type": "aws_api_gateway_integration",
      "name": "create_order",
      "provider": "provider[\"registry.terraform.io/hashicorp/aws\"]",
      "instances": [
        {
          "schema_version": 0,
          "attributes": {
            "cache_key_parameters": [],
            "cache_namespace": "uol4q6",
            "connection_id": "",
            "connection_type": "INTERNET",
            "content_handling": "",
            "credentials": "",
            "http_method": "POST",
            "id": "agi-26y8cbhpua-uol4q6-POST",
            "integration_http_method": "POST",
            "passthrough_behavior": "WHEN_NO_MATCH",
            "request_parameters": {},
            "request_templates": {},
            "resource_id": "uol4q6",
            "rest_api_id": "26y8cbhpua",
            "timeout_milliseconds": 29000,
            "tls_config": [],
            "type": "AWS_PROXY",
            "uri": "arn:aws:apigateway:eu-west-2:lambda:path/2015-03-31/functions/arn:aws:lambda:eu-west-2:396608798123:function:serverless-ecommerce-create-order-v2/invocations"
          },
          "sensitive_attributes": [],
          "identity_schema_version": 0,
          "private": "bnVsbA==",
          "dependencies": [
            "aws_api_gateway_method.create_order",
            "aws_api_gateway_resource.orders",
            "aws_api_gateway_rest_api.orders_api",
            "aws_dynamodb_table.order_items",
            "aws_dynamodb_table.orders",
            "aws_dynamodb_table.products",
            "aws_dynamodb_table.shopping_carts",
            "aws_iam_role.lambda_role",
            "aws_iam_role_policy.lambda_dynamodb",
            "aws_lambda_function.create_order_v2"
          ]
        }
      ]
    },
    {
      "mode": "managed",
      "type": "aws_api_gateway_integration",
      "name": "get_order",
      "provider": "provider[\"registry.terraform.io/hashicorp/aws\"]",
      "instances": [
        {
          "schema_version": 0,
          "attributes": {
            "cache_key_parameters": [],
            "cache_namespace": "x9dl9m",
            "connection_id": "",
            "connection_type": "INTERNET",
            "content_handling": "",
            "credentials": "",
            "http_method": "GET",
            "id": "agi-26y8cbhpua-x9dl9m-GET",
            "integration_http_method": "POST",
            "passthrough_behavior": "WHEN_NO_MATCH",
            "request_parameters": {},
            "request_templates": {},
            "resource_id": "x9dl9m",
            "rest_api_id": "26y8cbhpua",
            "timeout_milliseconds": 29000,
            "tls_config": [],
            "type": "AWS_PROXY",
            "uri": "arn:aws:apigateway:eu-west-2:lambda:path/2015-03-31/functions/arn:aws:lambda:eu-west-2:396608798123:function:serverless-ecommerce-create-order-v2/invocations"
          },
          "sensitive_attributes": [],
          "identity_schema_version": 0,
          "private": "bnVsbA==",
          "dependencies": [
            "aws_api_gateway_method.get_order",
            "aws_api_gateway_resource.order",
            "aws_api_gateway_resource.orders",
            "aws_api_gateway_rest_api.orders_api",
            "aws_dynamodb_table.order_items",
            "aws_dynamodb_table.orders",
            "aws_dynamodb_table.products",
            "aws_dynamodb_table.shopping_carts",
            "aws_iam_role.lambda_role",
            "aws_iam_role_policy.lambda_dynamodb",
            "aws_lambda_function.create_order_v2"
          ]
        }
      ]
    },
    {
      "mode": "managed",
      "type": "aws_api_gateway_integration",
      "name": "get_product",
      "provider": "provider[\"registry.terraform.io/hashicorp/aws\"]",
      "instances": [
        {
          "schema_version": 0,
          "attributes": {
            "cache_key_parameters": [],
            "cache_namespace": "h2gg8k",
            "connection_id": "",
            "connection_type": "INTERNET",
            "content_handling": "",
            "credentials": "",
            "http_method": "GET",
            "id": "agi-26y8cbhpua-h2gg8k-GET",
            "integration_http_method": "POST",
            "passthrough_behavior": "WHEN_NO_MATCH",
            "request_parameters": {},
            "request_templates": {},
            "resource_id": "h2gg8k",
            "rest_api_id": "26y8cbhpua",
            "timeout_milliseconds": 29000,
            "tls_config": [],
            "type": "AWS_PROXY",
            "uri": "arn:aws:apigateway:eu-west-2:lambda:path/2015-03-31/functions/arn:aws:lambda:eu-west-2:396608798123:function:serverless-ecommerce-get-product/invocations"
          },
          "sensitive_attributes": [],
          "identity_schema_version": 0,
          "private": "bnVsbA==",
          "dependencies": [
            "aws_api_gateway_method.get_product",
            "aws_api_gateway_resource.product",
            "aws_api_gateway_resource.products",
            "aws_api_gateway_rest_api.orders_api",
            "aws_dynamodb_table.order_items",
            "aws_dynamodb_table.orders",
            "aws_dynamodb_table.products",
            "aws_dynamodb_table.shopping_carts",
            "aws_iam_role.lambda_role",
            "aws_iam_role_policy.lambda_dynamodb",
            "aws_lambda_function.get_product"
          ]
        }
      ]
    },
    {
      "mode": "managed",
      "type": "aws_api_gateway_integration",
      "name": "list_products",
      "provider": "provider[\"registry.terraform.io/hashicorp/aws\"]",
      "instances": [
        {
          "schema_version": 0,
          "attributes": {
            "cache_key_parameters": [],
            "cache_namespace": "9uahnb",
            "connection_id": "",
            "connection_type": "INTERNET",
            "content_handling": "",
            "credentials": "",
            "http_method": "GET",
            "id": "agi-26y8cbhpua-9uahnb-GET",
            "integration_http_method": "POST",
            "passthrough_behavior": "WHEN_NO_MATCH",
            "request_parameters": {},
            "request_templates": {},
            "resource_id": "9uahnb",
            "rest_api_id": "26y8cbhpua",
            "timeout_milliseconds": 29000,
            "tls_config": [],
            "type": "AWS_PROXY",
            "uri": "arn:aws:apigateway:eu-west-2:lambda:path/2015-03-31/functions/arn:aws:lambda:eu-west-2:396608798123:function:serverless-ecommerce-list-products/invocations"
          },
          "sensitive_attributes": [],
          "identity_schema_version": 0,
          "private": "bnVsbA==",
          "dependencies": [
            "aws_api_gateway_method.list_products",
            "aws_api_gateway_resource.products",
            "aws_api_gateway_rest_api.orders_api",
            "aws_dynamodb_table.order_items",
            "aws_dynamodb_table.orders",
            "aws_dynamodb_table.products",
            "aws_dynamodb_table.shopping_carts",
            "aws_iam_role.lambda_role",
            "aws_iam_role_policy.lambda_dynamodb",
            "aws_lambda_function.list_products"
          ]
        }
      ]
    },
    {
      "mode": "managed",
      "type": "aws_api_gateway_method",
      "name": "add_to_cart",
      "provider": "provider[\"registry.terraform.io/hashicorp/aws\"]",
      "instances": [
        {
          "schema_version": 0,
          "attributes": {
            "api_key_required": false,
            "authorization": "NONE",
            "authorization_scopes": [],
            "authorizer_id": "",
            "http_method": "POST",
            "id": "agm-26y8cbhpua-1t154k-POST",
            "operation_name": "",
            "request_models": {},
            "request_parameters": {},
            "request_validator_id": "",
            "resource_id": "1t154k",
            "rest_api_id": "26y8cbhpua"
          },
          "sensitive_attributes": [],
          "identity_schema_version": 0,
          "private": "bnVsbA==",
          "dependencies": [
            "aws_api_gateway_resource.cart",
            "aws_api_gateway_rest_api.orders_api"
          ]
        }
      ]
    },
    {
      "mode": "managed",
      "type": "aws_api_gateway_method",
      "name": "create_order",
      "provider": "provider[\"registry.terraform.io/hashicorp/aws\"]",
      "instances": [
        {
          "schema_version": 0,
          "attributes": {
            "api_key_required": false,
            "authorization": "NONE",
            "authorization_scopes": [],
            "authorizer_id": "",
            "http_method": "POST",
            "id": "agm-26y8cbhpua-uol4q6-POST",
            "operation_name": "",
            "request_models": {},
            "request_parameters": {},
            "request_validator_id": "",
            "resource_id": "uol4q6",
            "rest_api_id": "26y8cbhpua"
          },
          "sensitive_attributes": [],
          "identity_schema_version": 0,
          "private": "bnVsbA==",
          "dependencies": [
            "aws_api_gateway_resource.orders",
            "aws_api_gateway_rest_api.orders_api"
          ]
        }
      ]
    },
    {
      "mode": "managed",
      "type": "aws_api_gateway_method",
      "name": "get_order",
      "provider": "provider[\"registry.terraform.io/hashicorp/aws\"]",
      "instances": [
        {
          "schema_version": 0,
          "attributes": {
            "api_key_required": false,
            "authorization": "NONE",
            "authorization_scopes": [],
            "authorizer_id": "",
            "http_method": "GET",
            "id": "agm-26y8cbhpua-x9dl9m-GET",
            "operation_name": "",
            "request_models": {},
            "request_parameters": {},
            "request_validator_id": "",
            "resource_id": "x9dl9m",
            "rest_api_id": "26y8cbhpua"
          },
          "sensitive_attributes": [],
          "identity_schema_version": 0,
          "private": "bnVsbA==",
          "dependencies": [
            "aws_api_gateway_resource.order",
            "aws_api_gateway_resource.orders",
            "aws_api_gateway_rest_api.orders_api"
          ]
        }
      ]
    },
    {
      "mode": "managed",
      "type": "aws_api_gateway_method",
      "name": "get_product",
      "provider": "provider[\"registry.terraform.io/hashicorp/aws\"]",
      "instances": [
        {
          "schema_version": 0,
          "attributes": {
            "api_key_required": false,
            "authorization": "NONE",
            "authorization_scopes": [],
            "authorizer_id": "",
            "http_method": "GET",
            "id": "agm-26y8cbhpua-h2gg8k-GET",
            "operation_name": "",
            "request_models": {},
            "request_parameters": {},
            "request_validator_id": "",
            "resource_id": "h2gg8k",
            "rest_api_id": "26y8cbhpua"
          },
          "sensitive_attributes": [],
          "identity_schema_version": 0,
          "private": "bnVsbA==",
          "dependencies": [
            "aws_api_gateway_resource.product",
            "aws_api_gateway_resource.products",
            "aws_api_gateway_rest_api.orders_api"
          ]
        }
      ]
    },
    {
      "mode": "managed",
      "type": "aws_api_gateway_method",
      "name": "list_products",
      "provider": "provider[\"registry.terraform.io/hashicorp/aws\"]",
      "instances": [
        {
          "schema_version": 0,
          "attributes": {
            "api_key_required": false,
            "authorization": "NONE",
            "authorization_scopes": [],
            "authorizer_id": "",
            "http_method": "GET",
            "id": "agm-26y8cbhpua-9uahnb-GET",
            "operation_name": "",
            "request_models": {},
            "request_parameters": {},
            "request_validator_id": "",
            "resource_id": "9uahnb",
            "rest_api_id": "26y8cbhpua"
          },
          "sensitive_attributes": [],
          "identity_schema_version": 0,
          "private": "bnVsbA==",
          "dependencies": [
            "aws_api_gateway_resource.products",
            "aws_api_gateway_rest_api.orders_api"
          ]
        }
      ]
    },
    {
      "mode": "managed",
      "type": "aws_api_gateway_resource",
      "name": "cart",
      "provider": "provider[\"registry.terraform.io/hashicorp/aws\"]",
      "instances": [
        {
          "schema_version": 0,
          "attributes": {
            "id": "1t154k",
            "parent_id": "mzfbsmzrfj",
            "path": "/cart",
            "path_part": "cart",
            "rest_api_id": "26y8cbhpua"
          },
          "sensitive_attributes": [],
          "identity_schema_version": 0,
          "private": "bnVsbA==",
          "dependencies": [
            "aws_api_gateway_rest_api.orders_api"
          ]
        }
      ]
    },
    {
      "mode": "managed",
      "type": "aws_api_gateway_resource",
      "name": "order",
      "provider": "provider[\"registry.terraform.io/hashicorp/aws\"]",
      "instances": [
        {
          "schema_version": 0,
          "attributes": {
            "id": "x9dl9m",
            "parent_id": "uol4q6",
            "path": "/orders/{orderId}",
            "path_part": "{orderId}",
            "rest_api_id": "26y8cbhpua"
          },
          "sensitive_attributes": [],
          "identity_schema_version": 0,
          "private": "bnVsbA==",
          "dependencies": [
            "aws_api_gateway_resource.orders",
            "aws_api_gateway_rest_api.orders_api"
          ]
        }
      ]
    },
    {
      "mode": "managed",
      "type": "aws_api_gateway_resource",
      "name": "orders",
      "provider": "provider[\"registry.terraform.io/hashicorp/aws\"]",
      "instances": [
        {
          "schema_version": 0,
          "attributes": {
            "id": "uol4q6",
            "parent_id": "mzfbsmzrfj",
            "path": "/orders",
            "path_part": "orders",
            "rest_api_id": "26y8cbhpua"
          },
          "sensitive_attributes": [],
          "identity_schema_version": 0,
          "private": "bnVsbA==",
          "dependencies": [
            "aws_api_gateway_rest_api.orders_api"
          ]
        }
      ]
    },
    {
      "mode": "managed",
      "type": "aws_api_gateway_resource",
      "name": "product",
      "provider": "provider[\"registry.terraform.io/hashicorp/aws\"]",
      "instances": [
        {
          "schema_version": 0,
          "attributes": {
            "id": "h2gg8k",
            "parent_id": "9uahnb",
            "path": "/products/{product_id}",
            "path_part": "{product_id}",
            "rest_api_id": "26y8cbhpua"
          },
          "sensitive_attributes": [],
          "identity_schema_version": 0,
          "private": "bnVsbA==",
          "dependencies": [
            "aws_api_gateway_resource.products",
            "aws_api_gateway_rest_api.orders_api"
          ]
        }
      ]
    },
    {
      "mode": "managed",
      "type": "aws_api_gateway_resource",
      "name": "products",
      "provider": "provider[\"registry.terraform.io/hashicorp/aws\"]",
      "instances": [
        {
          "schema_version": 0,
          "attributes": {
            "id": "9uahnb",
            "parent_id": "mzfbsmzrfj",
            "path": "/products",
            "path_part": "products",
            "rest_api_id": "26y8cbhpua"
          },
          "sensitive_attributes": [],
          "identity_schema_version": 0,
          "private": "bnVsbA==",
          "dependencies": [
            "aws_api_gateway_rest_api.orders_api"
          ]
        }
      ]
    },
    {
      "mode": "managed",
      "type": "aws_api_gateway_rest_api",
      "name": "orders_api",
      "provider": "provider[\"registry.terraform.io/hashicorp/aws\"]",
      "instances": [
        {
          "schema_version": 0,
          "attributes": {
            "api_key_source": "HEADER",
            "arn": "arn:aws:apigateway:eu-west-2::/restapis/26y8cbhpua",
            "binary_media_types": [],
            "body": null,
            "created_date": "2025-10-01T22:49:41Z",
            "description": "ECommerce Orders API",
            "disable_execute_api_endpoint": false,
            "endpoint_configuration": [
              {
                "ip_address_type": "ipv4",
                "types": [
                  "EDGE"
                ],
                "vpc_endpoint_ids": []
              }
            ],
            "execution_arn": "arn:aws:execute-api:eu-west-2:396608798123:26y8cbhpua",
            "fail_on_warnings": null,
            "id": "26y8cbhpua",
            "minimum_compression_size": "",
            "name": "serverless-ecommerce-orders-api",
            "parameters": null,
            "policy": "",
            "put_rest_api_mode": null,
            "root_resource_id": "mzfbsmzrfj",
            "tags": {},
            "tags_all": {}
          },
          "sensitive_attributes": [],
          "identity_schema_version": 0,
          "private": "bnVsbA=="
        }
      ]
    },
    {
      "mode": "managed",
      "type": "aws_api_gateway_stage",
      "name": "prod",
      "provider": "provider[\"registry.terraform.io/hashicorp/aws\"]",
      "instances": [
        {
          "schema_version": 0,
          "attributes": {
            "access_log_settings": [],
            "arn": "arn:aws:apigateway:eu-west-2::/restapis/26y8cbhpua/stages/prod",
            "cache_cluster_enabled": false,
            "cache_cluster_size": "",
            "canary_settings": [],
            "client_certificate_id": "",
            "deployment_id": "hhqpfb",
            "description": "",
            "documentation_version": "",
            "execution_arn": "arn:aws:execute-api:eu-west-2:396608798123:26y8cbhpua/prod",
            "id": "ags-26y8cbhpua-prod",
            "invoke_url": "https://26y8cbhpua.execute-api.eu-west-2.amazonaws.com/prod",
            "rest_api_id": "26y8cbhpua",
            "stage_name": "prod",
            "tags": {},
            "tags_all": {},
            "variables": {},
            "web_acl_arn": "",
            "xray_tracing_enabled": false
          },
          "sensitive_attributes": [],
          "identity_schema_version": 0,
          "private": "bnVsbA==",
          "dependencies": [
            "aws_api_gateway_deployment.api_deployment",
            "aws_api_gateway_integration.add_to_cart",
            "aws_api_gateway_integration.create_order",
            "aws_api_gateway_integration.get_order",
            "aws_api_gateway_integration.get_product",
            "aws_api_gateway_integration.list_products",
            "aws_api_gateway_method.add_to_cart",
            "aws_api_gateway_method.create_order",
            "aws_api_gateway_method.get_order",
            "aws_api_gateway_method.get_product",
            "aws_api_gateway_method.list_products",
            "aws_api_gateway_resource.cart",
            "aws_api_gateway_resource.order",
            "aws_api_gateway_resource.orders",
            "aws_api_gateway_resource.product",
            "aws_api_gateway_resource.products",
            "aws_api_gateway_rest_api.orders_api",
            "aws_dynamodb_table.order_items",
            "aws_dynamodb_table.orders",
            "aws_dynamodb_table.products",
            "aws_dynamodb_table.shopping_carts",
            "aws_iam_role.lambda_role",
            "aws_iam_role_policy.lambda_dynamodb",
            "aws_lambda_function.add_to_cart",
            "aws_lambda_function.create_order_v2",
            "aws_lambda_function.get_product",
            "aws_lambda_function.list_products"
          ]
        }
      ]
    },
    {
      "mode": "managed",
      "type": "aws_dynamodb_table",
      "name": "order_items",
      "provider": "provider[\"registry.terraform.io/hashicorp/aws\"]",
      "instances": [
        {
          "schema_version": 1,
          "attributes": {
            "arn": "arn:aws:dynamodb:eu-west-2:396608798123:table/order_items",
            "attribute": [
              {
                "name": "order_id",
                "type": "S"
              },
              {
                "name": "product_id",
                "type": "S"
              }
            ],
            "billing_mode": "PROVISIONED",
            "deletion_protection_enabled": false,
            "global_secondary_index": [],
            "hash_key": "order_id",
            "id": "order_items",
            "import_table": [],
            "local_secondary_index": [],
            "name": "order_items",
            "on_demand_throughput": [],
            "point_in_time_recovery": [
              {
                "enabled": false,
                "recovery_period_in_days": 0
              }
            ],
            "range_key": "product_id",
            "read_capacity": 5,
            "replica": [],
            "restore_date_time": null,
            "restore_source_name": null,
            "restore_source_table_arn": null,
            "restore_to_latest_time": null,
            "server_side_encryption": [],
            "stream_arn": "",
            "stream_enabled": false,
            "stream_label": "",
            "stream_view_type": "",
            "table_class": "STANDARD",
            "tags": {
              "Environment": "production",
              "Project": "ecommerce"
            },
            "tags_all": {
              "Environment": "production",
              "Project": "ecommerce"
            },
            "timeouts": null,
            "ttl": [
              {
                "attribute_name": "",
                "enabled": false
              }
            ],
            "write_capacity": 5
          },
          "sensitive_attributes": [],
          "identity_schema_version": 0,
          "private": "eyJlMmJmYjczMC1lY2FhLTExZTYtOGY4OC0zNDM2M2JjN2M0YzAiOnsiY3JlYXRlIjoxODAwMDAwMDAwMDAwLCJkZWxldGUiOjYwMDAwMDAwMDAwMCwidXBkYXRlIjozNjAwMDAwMDAwMDAwfSwic2NoZW1hX3ZlcnNpb24iOiIxIn0="
        }
      ]
    },
    {
      "mode": "managed",
      "type": "aws_dynamodb_table",
      "name": "orders",
      "provider": "provider[\"registry.terraform.io/hashicorp/aws\"]",
      "instances": [
        {
          "schema_version": 1,
          "attributes": {
            "arn": "arn:aws:dynamodb:eu-west-2:396608798123:table/orders",
            "attribute": [
              {
                "name": "order_id",
                "type": "S"
              },
              {
                "name": "status",
                "type": "S"
              },
              {
                "name": "user_id",
                "type": "S"
              }
            ],
            "billing_mode": "PROVISIONED",
            "deletion_protection_enabled": false,
            "global_secondary_index": [
              {
                "hash_key": "status",
                "name": "status-index",
                "non_key_attributes": [],
                "on_demand_throughput": [],
                "projection_type": "ALL",
                "range_key": "",
                "read_capacity": 5,
                "write_capacity": 5
              },
              {
                "hash_key": "user_id",
                "name": "user_id-index",
                "non_key_attributes": [],
                "on_demand_throughput": [],
                "projection_type": "ALL",
                "range_key": "",
                "read_capacity": 5,
                "write_capacity": 5
              }
            ],
            "hash_key": "order_id",
            "id": "orders",
            "import_table": [],
            "local_secondary_index": [],
            "name": "orders",
            "on_demand_throughput": [],
            "point_in_time_recovery": [
              {
                "enabled": false,
                "recovery_period_in_days": 0
              }
            ],
            "range_key": null,
            "read_capacity": 5,
            "replica": [],
            "restore_date_time": null,
            "restore_source_name": null,
            "restore_source_table_arn": null,
            "restore_to_latest_time": null,
            "server_side_encryption": [],
            "stream_arn": "",
            "stream_enabled": false,
            "stream_label": "",
            "stream_view_type": "",
            "table_class": "STANDARD",
            "tags": {
              "Environment": "production",
              "Project": "ecommerce"
            },
            "tags_all": {
              "Environment": "production",
              "Project": "ecommerce"
            },
            "timeouts": null,
            "ttl": [
              {
                "attribute_name": "",
                "enabled": false
              }
            ],
            "write_capacity": 5
          },
          "sensitive_attributes": [],
          "identity_schema_version": 0,
          "private": "eyJlMmJmYjczMC1lY2FhLTExZTYtOGY4OC0zNDM2M2JjN2M0YzAiOnsiY3JlYXRlIjoxODAwMDAwMDAwMDAwLCJkZWxldGUiOjYwMDAwMDAwMDAwMCwidXBkYXRlIjozNjAwMDAwMDAwMDAwfSwic2NoZW1hX3ZlcnNpb24iOiIxIn0="
        }
      ]
    },
    {
      "mode": "managed",
      "type": "aws_dynamodb_table",
      "name": "products",
      "provider": "provider[\"registry.terraform.io/hashicorp/aws\"]",
      "instances": [
        {
          "schema_version": 1,
          "attributes": {
            "arn": "arn:aws:dynamodb:eu-west-2:396608798123:table/serverless-ecommerce-products",
            "attribute": [
              {
                "name": "productId",
                "type": "S"
              }
            ],
            "billing_mode": "PAY_PER_REQUEST",
            "deletion_protection_enabled": false,
            "global_secondary_index": [],
            "hash_key": "productId",
            "id": "serverless-ecommerce-products",
            "import_table": [],
            "local_secondary_index": [],
            "name": "serverless-ecommerce-products",
            "on_demand_throughput": [],
            "point_in_time_recovery": [
              {
                "enabled": false,
                "recovery_period_in_days": 0
              }
            ],
            "range_key": null,
            "read_capacity": 0,
            "replica": [],
            "restore_date_time": null,
            "restore_source_name": null,
            "restore_source_table_arn": null,
            "restore_to_latest_time": null,
            "server_side_encryption": [],
            "stream_arn": "",
            "stream_enabled": false,
            "stream_label": "",
            "stream_view_type": "",
            "table_class": "STANDARD",
            "tags": {
              "CostCenter": "ECommerce",
              "Environment": "production",
              "Project": "serverless-ecommerce"
            },
            "tags_all": {
              "CostCenter": "ECommerce",
              "Environment": "production",
              "Project": "serverless-ecommerce"
            },
            "timeouts": null,
            "ttl": [
              {
                "attribute_name": "",
                "enabled": false
              }
            ],
            "write_capacity": 0
          },
          "sensitive_attributes": [],
          "identity_schema_version": 0,
          "private": "eyJlMmJmYjczMC1lY2FhLTExZTYtOGY4OC0zNDM2M2JjN2M0YzAiOnsiY3JlYXRlIjoxODAwMDAwMDAwMDAwLCJkZWxldGUiOjYwMDAwMDAwMDAwMCwidXBkYXRlIjozNjAwMDAwMDAwMDAwfSwic2NoZW1hX3ZlcnNpb24iOiIxIn0="
        }
      ]
    },
    {
      "mode": "managed",
      "type": "aws_dynamodb_table",
      "name": "shopping_carts",
      "provider": "provider[\"registry.terraform.io/hashicorp/aws\"]",
      "instances": [
        {
          "schema_version": 1,
          "attributes": {
            "arn": "arn:aws:dynamodb:eu-west-2:396608798123:table/serverless-ecommerce-shopping-carts",
            "attribute": [
              {
                "name": "user_id",
                "type": "S"
              }
            ],
            "billing_mode": "PAY_PER_REQUEST",
            "deletion_protection_enabled": false,
            "global_secondary_index": [],
            "hash_key": "user_id",
            "id": "serverless-ecommerce-shopping-carts",
            "import_table": [],
            "local_secondary_index": [],
            "name": "serverless-ecommerce-shopping-carts",
            "on_demand_throughput": [],
            "point_in_time_recovery": [
              {
                "enabled": false,
                "recovery_period_in_days": 0
              }
            ],
            "range_key": null,
            "read_capacity": 0,
            "replica": [],
            "restore_date_time": null,
            "restore_source_name": null,
            "restore_source_table_arn": null,
            "restore_to_latest_time": null,
            "server_side_encryption": [],
            "stream_arn": "",
            "stream_enabled": false,
            "stream_label": "",
            "stream_view_type": "",
            "table_class": "STANDARD",
            "tags": {
              "Environment": "production",
              "Project": "serverless-ecommerce"
            },
            "tags_all": {
              "Environment": "production",
              "Project": "serverless-ecommerce"
            },
            "timeouts": null,
            "ttl": [
              {
                "attribute_name": "",
                "enabled": false
              }
            ],
            "write_capacity": 0
          },
          "sensitive_attributes": [],
          "identity_schema_version": 0,
          "private": "eyJlMmJmYjczMC1lY2FhLTExZTYtOGY4OC0zNDM2M2JjN2M0YzAiOnsiY3JlYXRlIjoxODAwMDAwMDAwMDAwLCJkZWxldGUiOjYwMDAwMDAwMDAwMCwidXBkYXRlIjozNjAwMDAwMDAwMDAwfSwic2NoZW1hX3ZlcnNpb24iOiIxIn0="
        }
      ]
    },
    {
      "mode": "managed",
      "type": "aws_dynamodb_table_item",
      "name": "sample_products",
      "provider": "provider[\"registry.terraform.io/hashicorp/aws\"]",
      "instances": [
        {
          "schema_version": 0,
          "attributes": {
            "hash_key": "productId",
            "id": "serverless-ecommerce-products|productId|1",
            "item": "{\"category\":{\"S\":\"Books\"},\"description\":{\"S\":\"Complete guide to serverless architecture\"},\"name\":{\"S\":\"Serverless Compute Book\"},\"price\":{\"N\":\"29.99\"},\"productId\":{\"S\":\"1\"},\"stock_quantity\":{\"N\":\"100\"}}",
            "range_key": null,
            "table_name": "serverless-ecommerce-products"
          },
          "sensitive_attributes": [],
          "identity_schema_version": 0,
          "private": "bnVsbA==",
          "dependencies": [
            "aws_dynamodb_table.products"
          ]
        }
      ]
    },
    {
      "mode": "managed",
      "type": "aws_iam_role",
      "name": "lambda_role",
      "provider": "provider[\"registry.terraform.io/hashicorp/aws\"]",
      "instances": [
        {
          "schema_version": 0,
          "attributes": {
            "arn": "arn:aws:iam::396608798123:role/serverless-ecommerce-lambda-role",
            "assume_role_policy": "{\"Statement\":[{\"Action\":\"sts:AssumeRole\",\"Effect\":\"Allow\",\"Principal\":{\"Service\":\"lambda.amazonaws.com\"}}],\"Version\":\"2012-10-17\"}",
            "create_date": "2025-10-01T22:49:41Z",
            "description": "",
            "force_detach_policies": false,
            "id": "serverless-ecommerce-lambda-role",
            "inline_policy": [
              {
                "name": "serverless-ecommerce-lambda-dynamodb",
                "policy": "{\"Version\":\"2012-10-17\",\"Statement\":[{\"Action\":[\"dynamodb:GetItem\",\"dynamodb:PutItem\",\"dynamodb:UpdateItem\",\"dynamodb:DeleteItem\",\"dynamodb:Query\",\"dynamodb:Scan\",\"dynamodb:BatchGetItem\",\"dynamodb:BatchWriteItem\"],\"Effect\":\"Allow\",\"Resource\":[\"arn:aws:dynamodb:eu-west-2:396608798123:table/serverless-ecommerce-products\",\"arn:aws:dynamodb:eu-west-2:396608798123:table/orders\",\"arn:aws:dynamodb:eu-west-2:396608798123:table/order_items\",\"arn:aws:dynamodb:eu-west-2:396608798123:table/serverless-ecommerce-shopping-carts\",\"arn:aws:dynamodb:eu-west-2:396608798123:table/orders/index/*\",\"arn:aws:dynamodb:eu-west-2:396608798123:table/serverless-ecommerce-products/index/*\"]},{\"Action\":[\"logs:CreateLogGroup\",\"logs:CreateLogStream\",\"logs:PutLogEvents\"],\"Effect\":\"Allow\",\"Resource\":\"arn:aws:logs:*:*:*\"}]}"
              }
            ],
            "managed_policy_arns": [],
            "max_session_duration": 3600,
            "name": "serverless-ecommerce-lambda-role",
            "name_prefix": "",
            "path": "/",
            "permissions_boundary": "",
            "tags": {},
            "tags_all": {},
            "unique_id": "AROAVYV5Z7WVQRCMTYJBJ"
          },
          "sensitive_attributes": [],
          "identity_schema_version": 0,
          "private": "bnVsbA=="
        }
      ]
    },
    {
      "mode": "managed",
      "type": "aws_iam_role_policy",
      "name": "lambda_dynamodb",
      "provider": "provider[\"registry.terraform.io/hashicorp/aws\"]",
      "instances": [
        {
          "schema_version": 0,
          "attributes": {
            "id": "serverless-ecommerce-lambda-role:serverless-ecommerce-lambda-dynamodb",
            "name": "serverless-ecommerce-lambda-dynamodb",
            "name_prefix": "",
            "policy": "{\"Version\":\"2012-10-17\",\"Statement\":[{\"Action\":[\"dynamodb:GetItem\",\"dynamodb:PutItem\",\"dynamodb:UpdateItem\",\"dynamodb:DeleteItem\",\"dynamodb:Query\",\"dynamodb:Scan\",\"dynamodb:BatchGetItem\",\"dynamodb:BatchWriteItem\"],\"Effect\":\"Allow\",\"Resource\":[\"arn:aws:dynamodb:eu-west-2:396608798123:table/serverless-ecommerce-products\",\"arn:aws:dynamodb:eu-west-2:396608798123:table/orders\",\"arn:aws:dynamodb:eu-west-2:396608798123:table/order_items\",\"arn:aws:dynamodb:eu-west-2:396608798123:table/serverless-ecommerce-shopping-carts\",\"arn:aws:dynamodb:eu-west-2:396608798123:table/orders/index/*\",\"arn:aws:dynamodb:eu-west-2:396608798123:table/serverless-ecommerce-products/index/*\"]},{\"Action\":[\"logs:CreateLogGroup\",\"logs:CreateLogStream\",\"logs:PutLogEvents\"],\"Effect\":\"Allow\",\"Resource\":\"arn:aws:logs:*:*:*\"}]}",
            "role": "serverless-ecommerce-lambda-role"
          },
          "sensitive_attributes": [],
          "identity_schema_version": 0,
          "private": "bnVsbA==",
          "dependencies": [
            "aws_dynamodb_table.order_items",
            "aws_dynamodb_table.orders",
            "aws_dynamodb_table.products",
            "aws_dynamodb_table.shopping_carts",
            "aws_iam_role.lambda_role"
          ]
        }
      ]
    },
    {
      "mode": "managed",
      "type": "aws_lambda_function",
      "name": "add_to_cart",
      "provider": "provider[\"registry.terraform.io/hashicorp/aws\"]",
      "instances": [
        {
          "schema_version": 0,
          "attributes": {
            "architectures": [
              "x86_64"
            ],
            "arn": "arn:aws:lambda:eu-west-2:396608798123:function:serverless-ecommerce-add-to-cart",
            "code_sha256": "wZzATBN+EyavdqcZkzTx2fyLyEIlAiF94act+HnoDCM=",
            "code_signing_config_arn": "",
            "dead_letter_config": [],
            "description": "",
            "environment": [
              {
                "variables": {
                  "CARTS_TABLE": "serverless-ecommerce-shopping-carts",
                  "PRODUCTS_TABLE": "serverless-ecommerce-products"
                }
              }
            ],
            "ephemeral_storage": [
              {
                "size": 512
              }
            ],
            "file_system_config": [],
            "filename": "lambdas/carts/add_to_cart.zip",
            "function_name": "serverless-ecommerce-add-to-cart",
            "handler": "add_to_cart.lambda_handler",
            "id": "serverless-ecommerce-add-to-cart",
            "image_config": [],
            "image_uri": "",
            "invoke_arn": "arn:aws:apigateway:eu-west-2:lambda:path/2015-03-31/functions/arn:aws:lambda:eu-west-2:396608798123:function:serverless-ecommerce-add-to-cart/invocations",
            "kms_key_arn": "",
            "last_modified": "2025-10-03T12:56:58.945+0000",
            "layers": [],
            "logging_config": [
              {
                "application_log_level": "",
                "log_format": "Text",
                "log_group": "/aws/lambda/serverless-ecommerce-add-to-cart",
                "system_log_level": ""
              }
            ],
            "memory_size": 128,
            "package_type": "Zip",
            "publish": false,
            "qualified_arn": "arn:aws:lambda:eu-west-2:396608798123:function:serverless-ecommerce-add-to-cart:$LATEST",
            "qualified_invoke_arn": "arn:aws:apigateway:eu-west-2:lambda:path/2015-03-31/functions/arn:aws:lambda:eu-west-2:396608798123:function:serverless-ecommerce-add-to-cart:$LATEST/invocations",
            "replace_security_groups_on_destroy": null,
            "replacement_security_group_ids": null,
            "reserved_concurrent_executions": -1,
            "role": "arn:aws:iam::396608798123:role/serverless-ecommerce-lambda-role",
            "runtime": "python3.9",
            "s3_bucket": null,
            "s3_key": null,
            "s3_object_version": null,
            "signing_job_arn": "",
            "signing_profile_version_arn": "",
            "skip_destroy": false,
            "snap_start": [],
            "source_code_hash": "wZzATBN+EyavdqcZkzTx2fyLyEIlAiF94act+HnoDCM=",
            "source_code_size": 928,
            "tags": {},
            "tags_all": {},
            "timeout": 30,
            "timeouts": null,
            "tracing_config": [
              {
                "mode": "PassThrough"
              }
            ],
            "version": "$LATEST",
            "vpc_config": []
          },
          "sensitive_attributes": [],
          "identity_schema_version": 0,
          "private": "eyJlMmJmYjczMC1lY2FhLTExZTYtOGY4OC0zNDM2M2JjN2M0YzAiOnsiY3JlYXRlIjo2MDAwMDAwMDAwMDAsImRlbGV0ZSI6NjAwMDAwMDAwMDAwLCJ1cGRhdGUiOjYwMDAwMDAwMDAwMH19",
          "dependencies": [
            "aws_dynamodb_table.order_items",
            "aws_dynamodb_table.orders",
            "aws_dynamodb_table.products",
            "aws_dynamodb_table.shopping_carts",
            "aws_iam_role.lambda_role",
            "aws_iam_role_policy.lambda_dynamodb"
          ]
        }
      ]
    },
    {
      "mode": "managed",
      "type": "aws_lambda_function",
      "name": "create_order_v2",
      "provider": "provider[\"registry.terraform.io/hashicorp/aws\"]",
      "instances": [
        {
          "schema_version": 0,
          "attributes": {
            "architectures": [
              "x86_64"
            ],
            "arn": "arn:aws:lambda:eu-west-2:396608798123:function:serverless-ecommerce-create-order-v2",
            "code_sha256": "jw+QQfO/xbWJph037jx1wybIJYeO+GZH/e4DH6ZgZYc=",
            "code_signing_config_arn": "",
            "dead_letter_config": [],
            "description": "",
            "environment": [
              {
                "variables": {
                  "CARTS_TABLE": "serverless-ecommerce-shopping-carts",
                  "ORDERS_TABLE": "orders",
                  "ORDER_ITEMS_TABLE": "order_items",
                  "PRODUCTS_TABLE": "serverless-ecommerce-products"
                }
              }
            ],
            "ephemeral_storage": [
              {
                "size": 512
              }
            ],
            "file_system_config": [],
            "filename": "lambdas/orders/create_order_v2.zip",
            "function_name": "serverless-ecommerce-create-order-v2",
            "handler": "create_order_v2.lambda_handler",
            "id": "serverless-ecommerce-create-order-v2",
            "image_config": [],
            "image_uri": "",
            "invoke_arn": "arn:aws:apigateway:eu-west-2:lambda:path/2015-03-31/functions/arn:aws:lambda:eu-west-2:396608798123:function:serverless-ecommerce-create-order-v2/invocations",
            "kms_key_arn": "",
            "last_modified": "2025-10-03T12:32:42.000+0000",
            "layers": [],
            "logging_config": [
              {
                "application_log_level": "",
                "log_format": "Text",
                "log_group": "/aws/lambda/serverless-ecommerce-create-order-v2",
                "system_log_level": ""
              }
            ],
            "memory_size": 128,
            "package_type": "Zip",
            "publish": false,
            "qualified_arn": "arn:aws:lambda:eu-west-2:396608798123:function:serverless-ecommerce-create-order-v2:$LATEST",
            "qualified_invoke_arn": "arn:aws:apigateway:eu-west-2:lambda:path/2015-03-31/functions/arn:aws:lambda:eu-west-2:396608798123:function:serverless-ecommerce-create-order-v2:$LATEST/invocations",
            "replace_security_groups_on_destroy": null,
            "replacement_security_group_ids": null,
            "reserved_concurrent_executions": -1,
            "role": "arn:aws:iam::396608798123:role/serverless-ecommerce-lambda-role",
            "runtime": "python3.9",
            "s3_bucket": null,
            "s3_key": null,
            "s3_object_version": null,
            "signing_job_arn": "",
            "signing_profile_version_arn": "",
            "skip_destroy": false,
            "snap_start": [],
            "source_code_hash": "jw+QQfO/xbWJph037jx1wybIJYeO+GZH/e4DH6ZgZYc=",
            "source_code_size": 1004,
            "tags": {},
            "tags_all": {},
            "timeout": 30,
            "timeouts": null,
            "tracing_config": [
              {
                "mode": "PassThrough"
              }
            ],
            "version": "$LATEST",
            "vpc_config": []
          },
          "sensitive_attributes": [],
          "identity_schema_version": 0,
          "private": "eyJlMmJmYjczMC1lY2FhLTExZTYtOGY4OC0zNDM2M2JjN2M0YzAiOnsiY3JlYXRlIjo2MDAwMDAwMDAwMDAsImRlbGV0ZSI6NjAwMDAwMDAwMDAwLCJ1cGRhdGUiOjYwMDAwMDAwMDAwMH19",
          "dependencies": [
            "aws_dynamodb_table.order_items",
            "aws_dynamodb_table.orders",
            "aws_dynamodb_table.products",
            "aws_dynamodb_table.shopping_carts",
            "aws_iam_role.lambda_role",
            "aws_iam_role_policy.lambda_dynamodb"
          ]
        }
      ]
    },
    {
      "mode": "managed",
      "type": "aws_lambda_function",
      "name": "get_product",
      "provider": "provider[\"registry.terraform.io/hashicorp/aws\"]",
      "instances": [
        {
          "schema_version": 0,
          "attributes": {
            "architectures": [
              "x86_64"
            ],
            "arn": "arn:aws:lambda:eu-west-2:396608798123:function:serverless-ecommerce-get-product",
            "code_sha256": "e/Vk+9PTiUWTMccvU7aWGOwY4pTYBfceXFWTFEW0JAk=",
            "code_signing_config_arn": "",
            "dead_letter_config": [],
            "description": "",
            "environment": [
              {
                "variables": {
                  "PRODUCTS_TABLE": "serverless-ecommerce-products"
                }
              }
            ],
            "ephemeral_storage": [
              {
                "size": 512
              }
            ],
            "file_system_config": [],
            "filename": "lambdas/products/get_product.zip",
            "function_name": "serverless-ecommerce-get-product",
            "handler": "get_product.lambda_handler",
            "id": "serverless-ecommerce-get-product",
            "image_config": [],
            "image_uri": "",
            "invoke_arn": "arn:aws:apigateway:eu-west-2:lambda:path/2015-03-31/functions/arn:aws:lambda:eu-west-2:396608798123:function:serverless-ecommerce-get-product/invocations",
            "kms_key_arn": "",
            "last_modified": "2025-10-03T13:23:16.073+0000",
            "layers": [],
            "logging_config": [
              {
                "application_log_level": "",
                "log_format": "Text",
                "log_group": "/aws/lambda/serverless-ecommerce-get-product",
                "system_log_level": ""
              }
            ],
            "memory_size": 128,
            "package_type": "Zip",
            "publish": false,
            "qualified_arn": "arn:aws:lambda:eu-west-2:396608798123:function:serverless-ecommerce-get-product:$LATEST",
            "qualified_invoke_arn": "arn:aws:apigateway:eu-west-2:lambda:path/2015-03-31/functions/arn:aws:lambda:eu-west-2:396608798123:function:serverless-ecommerce-get-product:$LATEST/invocations",
            "replace_security_groups_on_destroy": null,
            "replacement_security_group_ids": null,
            "reserved_concurrent_executions": -1,
            "role": "arn:aws:iam::396608798123:role/serverless-ecommerce-lambda-role",
            "runtime": "python3.9",
            "s3_bucket": null,
            "s3_key": null,
            "s3_object_version": null,
            "signing_job_arn": "",
            "signing_profile_version_arn": "",
            "skip_destroy": false,
            "snap_start": [],
            "source_code_hash": "e/Vk+9PTiUWTMccvU7aWGOwY4pTYBfceXFWTFEW0JAk=",
            "source_code_size": 677,
            "tags": {},
            "tags_all": {},
            "timeout": 30,
            "timeouts": null,
            "tracing_config": [
              {
                "mode": "PassThrough"
              }
            ],
            "version": "$LATEST",
            "vpc_config": []
          },
          "sensitive_attributes": [],
          "identity_schema_version": 0,
          "private": "eyJlMmJmYjczMC1lY2FhLTExZTYtOGY4OC0zNDM2M2JjN2M0YzAiOnsiY3JlYXRlIjo2MDAwMDAwMDAwMDAsImRlbGV0ZSI6NjAwMDAwMDAwMDAwLCJ1cGRhdGUiOjYwMDAwMDAwMDAwMH19",
          "dependencies": [
            "aws_dynamodb_table.order_items",
            "aws_dynamodb_table.orders",
            "aws_dynamodb_table.products",
            "aws_dynamodb_table.shopping_carts",
            "aws_iam_role.lambda_role",
            "aws_iam_role_policy.lambda_dynamodb"
          ]
        }
      ]
    },
    {
      "mode": "managed",
      "type": "aws_lambda_function",
      "name": "list_products",
      "provider": "provider[\"registry.terraform.io/hashicorp/aws\"]",
      "instances": [
        {
          "schema_version": 0,
          "attributes": {
            "architectures": [
              "x86_64"
            ],
            "arn": "arn:aws:lambda:eu-west-2:396608798123:function:serverless-ecommerce-list-products",
            "code_sha256": "LtTqzJ1ksZPIzDRI/UKumPY3tlAxwrV9Qr6cDtY8n/U=",
            "code_signing_config_arn": "",
            "dead_letter_config": [],
            "description": "",
            "environment": [
              {
                "variables": {
                  "PRODUCTS_TABLE": "serverless-ecommerce-products"
                }
              }
            ],
            "ephemeral_storage": [
              {
                "size": 512
              }
            ],
            "file_system_config": [],
            "filename": "lambdas/products/list_products.zip",
            "function_name": "serverless-ecommerce-list-products",
            "handler": "list_products.lambda_handler",
            "id": "serverless-ecommerce-list-products",
            "image_config": [],
            "image_uri": "",
            "invoke_arn": "arn:aws:apigateway:eu-west-2:lambda:path/2015-03-31/functions/arn:aws:lambda:eu-west-2:396608798123:function:serverless-ecommerce-list-products/invocations",
            "kms_key_arn": "",
            "last_modified": "2025-10-03T13:23:21.925+0000",
            "layers": [],
            "logging_config": [
              {
                "application_log_level": "",
                "log_format": "Text",
                "log_group": "/aws/lambda/serverless-ecommerce-list-products",
                "system_log_level": ""
              }
            ],
            "memory_size": 128,
            "package_type": "Zip",
            "publish": false,
            "qualified_arn": "arn:aws:lambda:eu-west-2:396608798123:function:serverless-ecommerce-list-products:$LATEST",
            "qualified_invoke_arn": "arn:aws:apigateway:eu-west-2:lambda:path/2015-03-31/functions/arn:aws:lambda:eu-west-2:396608798123:function:serverless-ecommerce-list-products:$LATEST/invocations",
            "replace_security_groups_on_destroy": null,
            "replacement_security_group_ids": null,
            "reserved_concurrent_executions": -1,
            "role": "arn:aws:iam::396608798123:role/serverless-ecommerce-lambda-role",
            "runtime": "python3.9",
            "s3_bucket": null,
            "s3_key": null,
            "s3_object_version": null,
            "signing_job_arn": "",
            "signing_profile_version_arn": "",
            "skip_destroy": false,
            "snap_start": [],
            "source_code_hash": "LtTqzJ1ksZPIzDRI/UKumPY3tlAxwrV9Qr6cDtY8n/U=",
            "source_code_size": 675,
            "tags": {},
            "tags_all": {},
            "timeout": 30,
            "timeouts": null,
            "tracing_config": [
              {
                "mode": "PassThrough"
              }
            ],
            "version": "$LATEST",
            "vpc_config": []
          },
          "sensitive_attributes": [],
          "identity_schema_version": 0,
          "private": "eyJlMmJmYjczMC1lY2FhLTExZTYtOGY4OC0zNDM2M2JjN2M0YzAiOnsiY3JlYXRlIjo2MDAwMDAwMDAwMDAsImRlbGV0ZSI6NjAwMDAwMDAwMDAwLCJ1cGRhdGUiOjYwMDAwMDAwMDAwMH19",
          "dependencies": [
            "aws_dynamodb_table.order_items",
            "aws_dynamodb_table.orders",
            "aws_dynamodb_table.products",
            "aws_dynamodb_table.shopping_carts",
            "aws_iam_role.lambda_role",
            "aws_iam_role_policy.lambda_dynamodb"
          ]
        }
      ]
    },
    {
      "mode": "managed",
      "type": "aws_lambda_permission",
      "name": "api_gateway_add_to_cart",
      "provider": "provider[\"registry.terraform.io/hashicorp/aws\"]",
      "instances": [
        {
          "schema_version": 0,
          "attributes": {
            "action": "lambda:InvokeFunction",
            "event_source_token": null,
            "function_name": "serverless-ecommerce-add-to-cart",
            "function_url_auth_type": null,
            "id": "AllowAPIGatewayAddToCart",
            "principal": "apigateway.amazonaws.com",
            "principal_org_id": null,
            "qualifier": "",
            "source_account": null,
            "source_arn": "arn:aws:execute-api:eu-west-2:396608798123:26y8cbhpua/*/*",
            "statement_id": "AllowAPIGatewayAddToCart",
            "statement_id_prefix": ""
          },
          "sensitive_attributes": [],
          "identity_schema_version": 0,
          "private": "bnVsbA==",
          "dependencies": [
            "aws_api_gateway_rest_api.orders_api",
            "aws_dynamodb_table.order_items",
            "aws_dynamodb_table.orders",
            "aws_dynamodb_table.products",
            "aws_dynamodb_table.shopping_carts",
            "aws_iam_role.lambda_role",
            "aws_iam_role_policy.lambda_dynamodb",
            "aws_lambda_function.add_to_cart"
          ]
        }
      ]
    },
    {
      "mode": "managed",
      "type": "aws_lambda_permission",
      "name": "api_gateway_create_order",
      "provider": "provider[\"registry.terraform.io/hashicorp/aws\"]",
      "instances": [
        {
          "schema_version": 0,
          "attributes": {
            "action": "lambda:InvokeFunction",
            "event_source_token": null,
            "function_name": "serverless-ecommerce-create-order-v2",
            "function_url_auth_type": null,
            "id": "AllowAPIGatewayCreateOrder",
            "principal": "apigateway.amazonaws.com",
            "principal_org_id": null,
            "qualifier": "",
            "source_account": null,
            "source_arn": "arn:aws:execute-api:eu-west-2:396608798123:26y8cbhpua/*/*",
            "statement_id": "AllowAPIGatewayCreateOrder",
            "statement_id_prefix": ""
          },
          "sensitive_attributes": [],
          "identity_schema_version": 0,
          "private": "bnVsbA==",
          "dependencies": [
            "aws_api_gateway_rest_api.orders_api",
            "aws_dynamodb_table.order_items",
            "aws_dynamodb_table.orders",
            "aws_dynamodb_table.products",
            "aws_dynamodb_table.shopping_carts",
            "aws_iam_role.lambda_role",
            "aws_iam_role_policy.lambda_dynamodb",
            "aws_lambda_function.create_order_v2"
          ]
        }
      ]
    },
    {
      "mode": "managed",
      "type": "aws_lambda_permission",
      "name": "api_gateway_get_order",
      "provider": "provider[\"registry.terraform.io/hashicorp/aws\"]",
      "instances": [
        {
          "schema_version": 0,
          "attributes": {
            "action": "lambda:InvokeFunction",
            "event_source_token": null,
            "function_name": "serverless-ecommerce-create-order-v2",
            "function_url_auth_type": null,
            "id": "AllowAPIGatewayGetOrder",
            "principal": "apigateway.amazonaws.com",
            "principal_org_id": null,
            "qualifier": "",
            "source_account": null,
            "source_arn": "arn:aws:execute-api:eu-west-2:396608798123:26y8cbhpua/*/*",
            "statement_id": "AllowAPIGatewayGetOrder",
            "statement_id_prefix": ""
          },
          "sensitive_attributes": [],
          "identity_schema_version": 0,
          "private": "bnVsbA==",
          "dependencies": [
            "aws_api_gateway_rest_api.orders_api",
            "aws_dynamodb_table.order_items",
            "aws_dynamodb_table.orders",
            "aws_dynamodb_table.products",
            "aws_dynamodb_table.shopping_carts",
            "aws_iam_role.lambda_role",
            "aws_iam_role_policy.lambda_dynamodb",
            "aws_lambda_function.create_order_v2"
          ]
        }
      ]
    },
    {
      "mode": "managed",
      "type": "aws_lambda_permission",
      "name": "api_gateway_get_product",
      "provider": "provider[\"registry.terraform.io/hashicorp/aws\"]",
      "instances": [
        {
          "schema_version": 0,
          "attributes": {
            "action": "lambda:InvokeFunction",
            "event_source_token": null,
            "function_name": "serverless-ecommerce-get-product",
            "function_url_auth_type": null,
            "id": "AllowAPIGatewayGetProduct",
            "principal": "apigateway.amazonaws.com",
            "principal_org_id": null,
            "qualifier": "",
            "source_account": null,
            "source_arn": "arn:aws:execute-api:eu-west-2:396608798123:26y8cbhpua/*/*",
            "statement_id": "AllowAPIGatewayGetProduct",
            "statement_id_prefix": ""
          },
          "sensitive_attributes": [],
          "identity_schema_version": 0,
          "private": "bnVsbA==",
          "dependencies": [
            "aws_api_gateway_rest_api.orders_api",
            "aws_dynamodb_table.order_items",
            "aws_dynamodb_table.orders",
            "aws_dynamodb_table.products",
            "aws_dynamodb_table.shopping_carts",
            "aws_iam_role.lambda_role",
            "aws_iam_role_policy.lambda_dynamodb",
            "aws_lambda_function.get_product"
          ]
        }
      ]
    },
    {
      "mode": "managed",
      "type": "aws_lambda_permission",
      "name": "api_gateway_list_products",
      "provider": "provider[\"registry.terraform.io/hashicorp/aws\"]",
      "instances": [
        {
          "schema_version": 0,
          "attributes": {
            "action": "lambda:InvokeFunction",
            "event_source_token": null,
            "function_name": "serverless-ecommerce-list-products",
            "function_url_auth_type": null,
            "id": "AllowAPIGatewayListProducts",
            "principal": "apigateway.amazonaws.com",
            "principal_org_id": null,
            "qualifier": "",
            "source_account": null,
            "source_arn": "arn:aws:execute-api:eu-west-2:396608798123:26y8cbhpua/*/*",
            "statement_id": "AllowAPIGatewayListProducts",
            "statement_id_prefix": ""
          },
          "sensitive_attributes": [],
          "identity_schema_version": 0,
          "private": "bnVsbA==",
          "dependencies": [
            "aws_api_gateway_rest_api.orders_api",
            "aws_dynamodb_table.order_items",
            "aws_dynamodb_table.orders",
            "aws_dynamodb_table.products",
            "aws_dynamodb_table.shopping_carts",
            "aws_iam_role.lambda_role",
            "aws_iam_role_policy.lambda_dynamodb",
            "aws_lambda_function.list_products"
          ]
        }
      ]
    },
    {
      "mode": "managed",
      "type": "random_id",
      "name": "suffix",
      "provider": "provider[\"registry.terraform.io/hashicorp/random\"]",
      "instances": [
        {
          "schema_version": 0,
          "attributes": {
            "b64_std": "4q7YzQ==",
            "b64_url": "4q7YzQ",
            "byte_length": 4,
            "dec": "3803109581",
            "hex": "e2aed8cd",
            "id": "4q7YzQ",
            "keepers": null,
            "prefix": null
          },
          "sensitive_attributes": [],
          "identity_schema_version": 0
        }
      ]
    }
  ],
  "check_results": null
}
